
Microsoft Visual Studio Solution File, Format Version 12.00
# Visual Studio Version 16
VisualStudioVersion = 16.0.29201.188
MinimumVisualStudioVersion = 10.0.40219.1
Project("{FAE04EC0-301F-11D3-BF4B-00C04F79EFBC}") = "GameStation.Core", "GameStation.Core\GameStation.Core.csproj", "{F82B5E53-9581-4561-89B5-EFF91533A557}"
EndProject
Project("{FAE04EC0-301F-11D3-BF4B-00C04F79EFBC}") = "GameStation.Entity", "GameStation.Entity\GameStation.Entity.csproj", "{54F66E68-C877-4A6F-B89E-E00A3BE421C2}"
EndProject
Project("{FAE04EC0-301F-11D3-BF4B-00C04F79EFBC}") = "GameStation.DAL", "GameStation.DAL\GameStation.DAL.csproj", "{5A492927-AA89-4278-8296-537FC9F489AF}"
EndProject
Project("{FAE04EC0-301F-11D3-BF4B-00C04F79EFBC}") = "GameStation.BLL", "GameStation.BLL\GameStation.BLL.csproj", "{EAE22C60-B7B2-4951-9B88-CBBCE87CF534}"
EndProject
Project("{FAE04EC0-301F-11D3-BF4B-00C04F79EFBC}") = "GameStation.WebUI", "GameStation.WebUI\GameStation.WebUI.csproj", "{C1B49D25-B44E-4F32-86C7-6E6A8EDCAA50}"
EndProject
Global
	GlobalSection(SolutionConfigurationPlatforms) = preSolution
		Debug|Any CPU = Debug|Any CPU
		Release|Any CPU = Release|Any CPU
	EndGlobalSection
	GlobalSection(ProjectConfigurationPlatforms) = postSolution
		{F82B5E53-9581-4561-89B5-EFF91533A557}.Debug|Any CPU.ActiveCfg = Debug|Any CPU
		{F82B5E53-9581-4561-89B5-EFF91533A557}.Debug|Any CPU.Build.0 = Debug|Any CPU
		{F82B5E53-9581-4561-89B5-EFF91533A557}.Release|Any CPU.ActiveCfg = Release|Any CPU
		{F82B5E53-9581-4561-89B5-EFF91533A557}.Release|Any CPU.Build.0 = Release|Any CPU
		{54F66E68-C877-4A6F-B89E-E00A3BE421C2}.Debug|Any CPU.ActiveCfg = Debug|Any CPU
		{54F66E68-C877-4A6F-B89E-E00A3BE421C2}.Debug|Any CPU.Build.0 = Debug|Any CPU
		{54F66E68-C877-4A6F-B89E-E00A3BE421C2}.Release|Any CPU.ActiveCfg = Release|Any CPU
		{54F66E68-C877-4A6F-B89E-E00A3BE421C2}.Release|Any CPU.Build.0 = Release|Any CPU
		{5A492927-AA89-4278-8296-537FC9F489AF}.Debug|Any CPU.ActiveCfg = Debug|Any CPU
		{5A492927-AA89-4278-8296-537FC9F489AF}.Debug|Any CPU.Build.0 = Debug|Any CPU
		{5A492927-AA89-4278-8296-537FC9F489AF}.Release|Any CPU.ActiveCfg = Release|Any CPU
		{5A492927-AA89-4278-8296-537FC9F489AF}.Release|Any CPU.Build.0 = Release|Any CPU
		{EAE22C60-B7B2-4951-9B88-CBBCE87CF534}.Debug|Any CPU.ActiveCfg = Debug|Any CPU
		{EAE22C60-B7B2-4951-9B88-CBBCE87CF534}.Debug|Any CPU.Build.0 = Debug|Any CPU
		{EAE22C60-B7B2-4951-9B88-CBBCE87CF534}.Release|Any CPU.ActiveCfg = Release|Any CPU
		{EAE22C60-B7B2-4951-9B88-CBBCE87CF534}.Release|Any CPU.Build.0 = Release|Any CPU
		{C1B49D25-B44E-4F32-86C7-6E6A8EDCAA50}.Debug|Any CPU.ActiveCfg = Debug|Any CPU
		{C1B49D25-B44E-4F32-86C7-6E6A8EDCAA50}.Debug|Any CPU.Build.0 = Debug|Any CPU
		{C1B49D25-B44E-4F32-86C7-6E6A8EDCAA50}.Release|Any CPU.ActiveCfg = Release|Any CPU
		{C1B49D25-B44E-4F32-86C7-6E6A8EDCAA50}.Release|Any CPU.Build.0 = Release|Any CPU
	EndGlobalSection
	GlobalSection(SolutionProperties) = preSolution
		HideSolutionNode = FALSE
	EndGlobalSection
	GlobalSection(ExtensibilityGlobals) = postSolution
		SolutionGuid = {EB57642A-FBBC-4FA7-B3FD-3BFE2710E377}
	EndGlobalSection
EndGlobal
